{
  "originHash" : "0f411b592768d55b3085466a37e904199ca32d12615da95b6ce5a7c8f8611b93",
  "pins" : [
    {
      "identity" : "snapkit#",
      "kind" : "remoteSourceControl",
      "location" : "https://github.com/SnapKit/SnapKit#",
      "state" : {
        "revision" : "2842e6e84e82eb9a8dac0100ca90d9444b0307f4",
        "version" : "5.7.1"
      }
    }
  ],
  "version" : 3
}
